
Microsoft Visual Studio Solution File, Format Version 9.00
# Visual Studio 2005
Project("{FAE04EC0-301F-11D3-BF4B-00C04F79EFBC}") = "LabEngine", "LabEngine\LabEngine.csproj", "{8D52A7CF-142F-46AE-825F-8A0C22F492B9}"
EndProject
Project("{FAE04EC0-301F-11D3-BF4B-00C04F79EFBC}") = "LabEngine.IA", "LabEngine.IA\LabEngine.IA.csproj", "{5C9B46DF-3FDB-4914-AC99-2CE70DDBC507}"
EndProject
Global
	GlobalSection(SolutionConfigurationPlatforms) = preSolution
		Debug|Any CPU = Debug|Any CPU
		Release|Any CPU = Release|Any CPU
	EndGlobalSection
	GlobalSection(ProjectConfigurationPlatforms) = postSolution
		{8D52A7CF-142F-46AE-825F-8A0C22F492B9}.Debug|Any CPU.ActiveCfg = Debug|Any CPU
		{8D52A7CF-142F-46AE-825F-8A0C22F492B9}.Debug|Any CPU.Build.0 = Debug|Any CPU
		{8D52A7CF-142F-46AE-825F-8A0C22F492B9}.Release|Any CPU.ActiveCfg = Release|Any CPU
		{8D52A7CF-142F-46AE-825F-8A0C22F492B9}.Release|Any CPU.Build.0 = Release|Any CPU
		{5C9B46DF-3FDB-4914-AC99-2CE70DDBC507}.Debug|Any CPU.ActiveCfg = Debug|Any CPU
		{5C9B46DF-3FDB-4914-AC99-2CE70DDBC507}.Debug|Any CPU.Build.0 = Debug|Any CPU
		{5C9B46DF-3FDB-4914-AC99-2CE70DDBC507}.Release|Any CPU.ActiveCfg = Release|Any CPU
		{5C9B46DF-3FDB-4914-AC99-2CE70DDBC507}.Release|Any CPU.Build.0 = Release|Any CPU
	EndGlobalSection
	GlobalSection(SolutionProperties) = preSolution
		HideSolutionNode = FALSE
	EndGlobalSection
EndGlobal
